// !$*UTF8*$!
{
	archiveVersion = 1;
	classes = {
	};
	objectVersion = 48;
	objects = {

/* Begin PBXBuildFile section */
		1F83A2FF1F0A821C00829CF7 /* AppDelegate.swift in Sources */ = {isa = PBXBuildFile; fileRef = 1F83A2FE1F0A821C00829CF7 /* AppDelegate.swift */; };
		1F83A3011F0A821C00829CF7 /* ViewController.swift in Sources */ = {isa = PBXBuildFile; fileRef = 1F83A3001F0A821C00829CF7 /* ViewController.swift */; };
		1F83A3041F0A821C00829CF7 /* Main.storyboard in Resources */ = {isa = PBXBuildFile; fileRef = 1F83A3021F0A821C00829CF7 /* Main.storyboard */; };
		1F83A3061F0A821C00829CF7 /* Assets.xcassets in Resources */ = {isa = PBXBuildFile; fileRef = 1F83A3051F0A821C00829CF7 /* Assets.xcassets */; };
		1F83A3091F0A821C00829CF7 /* LaunchScreen.storyboard in Resources */ = {isa = PBXBuildFile; fileRef = 1F83A3071F0A821C00829CF7 /* LaunchScreen.storyboard */; };
		1F83A3141F0A821C00829CF7 /* PikaCameraTests.swift in Sources */ = {isa = PBXBuildFile; fileRef = 1F83A3131F0A821C00829CF7 /* PikaCameraTests.swift */; };
		1FBF6F931F0BCC30003ADBE4 /* CameraViewController.swift in Sources */ = {isa = PBXBuildFile; fileRef = 1FBF6F921F0BCC30003ADBE4 /* CameraViewController.swift */; };
/* End PBXBuildFile section */

/* Begin PBXContainerItemProxy section */
		1F83A3101F0A821C00829CF7 /* PBXContainerItemProxy */ = {
			isa = PBXContainerItemProxy;
			containerPortal = 1F83A2F31F0A821C00829CF7 /* Project object */;
			proxyType = 1;
			remoteGlobalIDString = 1F83A2FA1F0A821C00829CF7;
			remoteInfo = PikaCamera;
		};
/* End PBXContainerItemProxy section */

/* Begin PBXFileReference section */
		1F83A2FB1F0A821C00829CF7 /* PikaCamera.app */ = {isa = PBXFileReference; explicitFileType = wrapper.application; includeInIndex = 0; path = PikaCamera.app; sourceTree = BUILT_PRODUCTS_DIR; };
		1F83A2FE1F0A821C00829CF7 /* AppDelegate.swift */ = {isa = PBXFileReference; lastKnownFileType = sourcecode.swift; path = AppDelegate.swift; sourceTree = "<group>"; };
		1F83A3001F0A821C00829CF7 /* ViewController.swift */ = {isa = PBXFileReference; lastKnownFileType = sourcecode.swift; path = ViewController.swift; sourceTree = "<group>"; };
		1F83A3031F0A821C00829CF7 /* Base */ = {isa = PBXFileReference; lastKnownFileType = file.storyboard; name = Base; path = Base.lproj/Main.storyboard; sourceTree = "<group>"; };
		1F83A3051F0A821C00829CF7 /* Assets.xcassets */ = {isa = PBXFileReference; lastKnownFileType = folder.assetcatalog; path = Assets.xcassets; sourceTree = "<group>"; };
		1F83A3081F0A821C00829CF7 /* Base */ = {isa = PBXFileReference; lastKnownFileType = file.storyboard; name = Base; path = Base.lproj/LaunchScreen.storyboard; sourceTree = "<group>"; };
		1F83A30A1F0A821C00829CF7 /* Info.plist */ = {isa = PBXFileReference; lastKnownFileType = text.plist.xml; path = Info.plist; sourceTree = "<group>"; };
		1F83A30F1F0A821C00829CF7 /* PikaCameraTests.xctest */ = {isa = PBXFileReference; explicitFileType = wrapper.cfbundle; includeInIndex = 0; path = PikaCameraTests.xctest; sourceTree = BUILT_PRODUCTS_DIR; };
		1F83A3131F0A821C00829CF7 /* PikaCameraTests.swift */ = {isa = PBXFileReference; lastKnownFileType = sourcecode.swift; path = PikaCameraTests.swift; sourceTree = "<group>"; };
		1F83A3151F0A821C00829CF7 /* Info.plist */ = {isa = PBXFileReference; lastKnownFileType = text.plist.xml; path = Info.plist; sourceTree = "<group>"; };
		1FBF6F921F0BCC30003ADBE4 /* CameraViewController.swift */ = {isa = PBXFileReference; lastKnownFileType = sourcecode.swift; path = CameraViewController.swift; sourceTree = "<group>"; };
/* End PBXFileReference section */

/* Begin PBXFrameworksBuildPhase section */
		1F83A2F81F0A821C00829CF7 /* Frameworks */ = {
			isa = PBXFrameworksBuildPhase;
			buildActionMask = 2147483647;
			files = (
			);
			runOnlyForDeploymentPostprocessing = 0;
		};
		1F83A30C1F0A821C00829CF7 /* Frameworks */ = {
			isa = PBXFrameworksBuildPhase;
			buildActionMask = 2147483647;
			files = (
			);
			runOnlyForDeploymentPostprocessing = 0;
		};
/* End PBXFrameworksBuildPhase section */

/* Begin PBXGroup section */
		1F83A2F21F0A821C00829CF7 = {
			isa = PBXGroup;
			children = (
				1F83A2FD1F0A821C00829CF7 /* PikaCamera */,
				1F83A3121F0A821C00829CF7 /* PikaCameraTests */,
				1F83A2FC1F0A821C00829CF7 /* Products */,
			);
			sourceTree = "<group>";
		};
		1F83A2FC1F0A821C00829CF7 /* Products */ = {
			isa = PBXGroup;
			children = (
				1F83A2FB1F0A821C00829CF7 /* PikaCamera.app */,
				1F83A30F1F0A821C00829CF7 /* PikaCameraTests.xctest */,
			);
			name = Products;
			sourceTree = "<group>";
		};
		1F83A2FD1F0A821C00829CF7 /* PikaCamera */ = {
			isa = PBXGroup;
			children = (
				1F83A2FE1F0A821C00829CF7 /* AppDelegate.swift */,
				1F83A3001F0A821C00829CF7 /* ViewController.swift */,
				1F83A3021F0A821C00829CF7 /* Main.storyboard */,
				1F83A3051F0A821C00829CF7 /* Assets.xcassets */,
				1F83A3071F0A821C00829CF7 /* LaunchScreen.storyboard */,
				1F83A30A1F0A821C00829CF7 /* Info.plist */,
				1FBF6F921F0BCC30003ADBE4 /* CameraViewController.swift */,
			);
			path = PikaCamera;
			sourceTree = "<group>";
		};
		1F83A3121F0A821C00829CF7 /* PikaCameraTests */ = {
			isa = PBXGroup;
			children = (
				1F83A3131F0A821C00829CF7 /* PikaCameraTests.swift */,
				1F83A3151F0A821C00829CF7 /* Info.plist */,
			);
			path = PikaCameraTests;
			sourceTree = "<group>";
		};
/* End PBXGroup section */

/* Begin PBXNativeTarget section */
		1F83A2FA1F0A821C00829CF7 /* PikaCamera */ = {
			isa = PBXNativeTarget;
			buildConfigurationList = 1F83A3181F0A821C00829CF7 /* Build configuration list for PBXNativeTarget "PikaCamera" */;
			buildPhases = (
				1F83A2F71F0A821C00829CF7 /* Sources */,
				1F83A2F81F0A821C00829CF7 /* Frameworks */,
				1F83A2F91F0A821C00829CF7 /* Resources */,
			);
			buildRules = (
			);
			dependencies = (
			);
			name = PikaCamera;
			productName = PikaCamera;
			productReference = 1F83A2FB1F0A821C00829CF7 /* PikaCamera.app */;
			productType = "com.apple.product-type.application";
		};
		1F83A30E1F0A821C00829CF7 /* PikaCameraTests */ = {
			isa = PBXNativeTarget;
			buildConfigurationList = 1F83A31B1F0A821C00829CF7 /* Build configuration list for PBXNativeTarget "PikaCameraTests" */;
			buildPhases = (
				1F83A30B1F0A821C00829CF7 /* Sources */,
				1F83A30C1F0A821C00829CF7 /* Frameworks */,
				1F83A30D1F0A821C00829CF7 /* Resources */,
			);
			buildRules = (
			);
			dependencies = (
				1F83A3111F0A821C00829CF7 /* PBXTargetDependency */,
			);
			name = PikaCameraTests;
			productName = PikaCameraTests;
			productReference = 1F83A30F1F0A821C00829CF7 /* PikaCameraTests.xctest */;
			productType = "com.apple.product-type.bundle.unit-test";
		};
/* End PBXNativeTarget section */

/* Begin PBXProject section */
		1F83A2F31F0A821C00829CF7 /* Project object */ = {
			isa = PBXProject;
			attributes = {
				LastSwiftUpdateCheck = 0900;
				LastUpgradeCheck = 0900;
				ORGANIZATIONNAME = "Pika Vision";
				TargetAttributes = {
					1F83A2FA1F0A821C00829CF7 = {
						CreatedOnToolsVersion = 9.0;
					};
					1F83A30E1F0A821C00829CF7 = {
						CreatedOnToolsVersion = 9.0;
						TestTargetID = 1F83A2FA1F0A821C00829CF7;
					};
				};
			};
			buildConfigurationList = 1F83A2F61F0A821C00829CF7 /* Build configuration list for PBXProject "PikaCamera" */;
			compatibilityVersion = "Xcode 8.0";
			developmentRegion = en;
			hasScannedForEncodings = 0;
			knownRegions = (
				en,
				Base,
			);
			mainGroup = 1F83A2F21F0A821C00829CF7;
			productRefGroup = 1F83A2FC1F0A821C00829CF7 /* Products */;
			projectDirPath = "";
			projectRoot = "";
			targets = (
				1F83A2FA1F0A821C00829CF7 /* PikaCamera */,
				1F83A30E1F0A821C00829CF7 /* PikaCameraTests */,
			);
		};
/* End PBXProject section */

/* Begin PBXResourcesBuildPhase section */
		1F83A2F91F0A821C00829CF7 /* Resources */ = {
			isa = PBXResourcesBuildPhase;
			buildActionMask = 2147483647;
			files = (
				1F83A3091F0A821C00829CF7 /* LaunchScreen.storyboard in Resources */,
				1F83A3061F0A821C00829CF7 /* Assets.xcassets in Resources */,
				1F83A3041F0A821C00829CF7 /* Main.storyboard in Resources */,
			);
			runOnlyForDeploymentPostprocessing = 0;
		};
		1F83A30D1F0A821C00829CF7 /* Resources */ = {
			isa = PBXResourcesBuildPhase;
			buildActionMask = 2147483647;
			files = (
			);
			runOnlyForDeploymentPostprocessing = 0;
		};
/* End PBXResourcesBuildPhase section */

/* Begin PBXSourcesBuildPhase section */
		1F83A2F71F0A821C00829CF7 /* Sources */ = {
			isa = PBXSourcesBuildPhase;
			buildActionMask = 2147483647;
			files = (
				1F83A3011F0A821C00829CF7 /* ViewController.swift in Sources */,
				1F83A2FF1F0A821C00829CF7 /* AppDelegate.swift in Sources */,
				1FBF6F931F0BCC30003ADBE4 /* CameraViewController.swift in Sources */,
			);
			runOnlyForDeploymentPostprocessing = 0;
		};
		1F83A30B1F0A821C00829CF7 /* Sources */ = {
			isa = PBXSourcesBuildPhase;
			buildActionMask = 2147483647;
			files = (
				1F83A3141F0A821C00829CF7 /* PikaCameraTests.swift in Sources */,
			);
			runOnlyForDeploymentPostprocessing = 0;
		};
/* End PBXSourcesBuildPhase section */

/* Begin PBXTargetDependency section */
		1F83A3111F0A821C00829CF7 /* PBXTargetDependency */ = {
			isa = PBXTargetDependency;
			target = 1F83A2FA1F0A821C00829CF7 /* PikaCamera */;
			targetProxy = 1F83A3101F0A821C00829CF7 /* PBXContainerItemProxy */;
		};
/* End PBXTargetDependency section */

/* Begin PBXVariantGroup section */
		1F83A3021F0A821C00829CF7 /* Main.storyboard */ = {
			isa = PBXVariantGroup;
			children = (
				1F83A3031F0A821C00829CF7 /* Base */,
			);
			name = Main.storyboard;
			sourceTree = "<group>";
		};
		1F83A3071F0A821C00829CF7 /* LaunchScreen.storyboard */ = {
			isa = PBXVariantGroup;
			children = (
				1F83A3081F0A821C00829CF7 /* Base */,
			);
			name = LaunchScreen.storyboard;
			sourceTree = "<group>";
		};
/* End PBXVariantGroup section */

/* Begin XCBuildConfiguration section */
		1F83A3161F0A821C00829CF7 /* Debug */ = {
			isa = XCBuildConfiguration;
			buildSettings = {
				ALWAYS_SEARCH_USER_PATHS = NO;
				CLANG_ANALYZER_NONNULL = YES;
				CLANG_ANALYZER_NUMBER_OBJECT_CONVERSION = YES_AGGRESSIVE;
				CLANG_CXX_LANGUAGE_STANDARD = "gnu++14";
				CLANG_CXX_LIBRARY = "libc++";
				CLANG_ENABLE_MODULES = YES;
				CLANG_ENABLE_OBJC_ARC = YES;
				CLANG_WARN_BLOCK_CAPTURE_AUTORELEASING = YES;
				CLANG_WARN_BOOL_CONVERSION = YES;
				CLANG_WARN_COMMA = YES;
				CLANG_WARN_CONSTANT_CONVERSION = YES;
				CLANG_WARN_DIRECT_OBJC_ISA_USAGE = YES_ERROR;
				CLANG_WARN_DOCUMENTATION_COMMENTS = YES;
				CLANG_WARN_EMPTY_BODY = YES;
				CLANG_WARN_ENUM_CONVERSION = YES;
				CLANG_WARN_INFINITE_RECURSION = YES;
				CLANG_WARN_INT_CONVERSION = YES;
				CLANG_WARN_NON_LITERAL_NULL_CONVERSION = YES;
				CLANG_WARN_OBJC_LITERAL_CONVERSION = YES;
				CLANG_WARN_OBJC_ROOT_CLASS = YES_ERROR;
				CLANG_WARN_RANGE_LOOP_ANALYSIS = YES;
				CLANG_WARN_STRICT_PROTOTYPES = YES;
				CLANG_WARN_SUSPICIOUS_MOVE = YES;
				CLANG_WARN_UNGUARDED_AVAILABILITY = YES_AGGRESSIVE;
				CLANG_WARN_UNREACHABLE_CODE = YES;
				CLANG_WARN__DUPLICATE_METHOD_MATCH = YES;
				CODE_SIGN_IDENTITY = "iPhone Developer";
				COPY_PHASE_STRIP = NO;
				DEBUG_INFORMATION_FORMAT = dwarf;
				ENABLE_STRICT_OBJC_MSGSEND = YES;
				ENABLE_TESTABILITY = YES;
				GCC_C_LANGUAGE_STANDARD = gnu11;
				GCC_DYNAMIC_NO_PIC = NO;
				GCC_NO_COMMON_BLOCKS = YES;
				GCC_OPTIMIZATION_LEVEL = 0;
				GCC_PREPROCESSOR_DEFINITIONS = (
					"DEBUG=1",
					"$(inherited)",
				);
				GCC_WARN_64_TO_32_BIT_CONVERSION = YES;
				GCC_WARN_ABOUT_RETURN_TYPE = YES_ERROR;
				GCC_WARN_UNDECLARED_SELECTOR = YES;
				GCC_WARN_UNINITIALIZED_AUTOS = YES_AGGRESSIVE;
				GCC_WARN_UNUSED_FUNCTION = YES;
				GCC_WARN_UNUSED_VARIABLE = YES;
				IPHONEOS_DEPLOYMENT_TARGET = 10.3;
				MTL_ENABLE_DEBUG_INFO = YES;
				ONLY_ACTIVE_ARCH = YES;
				SDKROOT = iphoneos;
				SWIFT_ACTIVE_COMPILATION_CONDITIONS = DEBUG;
				SWIFT_OPTIMIZATION_LEVEL = "-Onone";
			};
			name = Debug;
		};
		1F83A3171F0A821C00829CF7 /* Release */ = {
			isa = XCBuildConfiguration;
			buildSettings = {
				ALWAYS_SEARCH_USER_PATHS = NO;
				CLANG_ANALYZER_NONNULL = YES;
				CLANG_ANALYZER_NUMBER_OBJECT_CONVERSION = YES_AGGRESSIVE;
				CLANG_CXX_LANGUAGE_STANDARD = "gnu++14";
				CLANG_CXX_LIBRARY = "libc++";
				CLANG_ENABLE_MODULES = YES;
				CLANG_ENABLE_OBJC_ARC = YES;
				CLANG_WARN_BLOCK_CAPTURE_AUTORELEASING = YES;
				CLANG_WARN_BOOL_CONVERSION = YES;
				CLANG_WARN_COMMA = YES;
				CLANG_WARN_CONSTANT_CONVERSION = YES;
				CLANG_WARN_DIRECT_OBJC_ISA_USAGE = YES_ERROR;
				CLANG_WARN_DOCUMENTATION_COMMENTS = YES;
				CLANG_WARN_EMPTY_BODY = YES;
				CLANG_WARN_ENUM_CONVERSION = YES;
				CLANG_WARN_INFINITE_RECURSION = YES;
				CLANG_WARN_INT_CONVERSION = YES;
				CLANG_WARN_NON_LITERAL_NULL_CONVERSION = YES;
				CLANG_WARN_OBJC_LITERAL_CONVERSION = YES;
				CLANG_WARN_OBJC_ROOT_CLASS = YES_ERROR;
				CLANG_WARN_RANGE_LOOP_ANALYSIS = YES;
				CLANG_WARN_STRICT_PROTOTYPES = YES;
				CLANG_WARN_SUSPICIOUS_MOVE = YES;
				CLANG_WARN_UNGUARDED_AVAILABILITY = YES_AGGRESSIVE;
				CLANG_WARN_UNREACHABLE_CODE = YES;
				CLANG_WARN__DUPLICATE_METHOD_MATCH = YES;
				CODE_SIGN_IDENTITY = "iPhone Developer";
				COPY_PHASE_STRIP = NO;
				DEBUG_INFORMATION_FORMAT = "dwarf-with-dsym";
				ENABLE_NS_ASSERTIONS = NO;
				ENABLE_STRICT_OBJC_MSGSEND = YES;
				GCC_C_LANGUAGE_STANDARD = gnu11;
				GCC_NO_COMMON_BLOCKS = YES;
				GCC_WARN_64_TO_32_BIT_CONVERSION = YES;
				GCC_WARN_ABOUT_RETURN_TYPE = YES_ERROR;
				GCC_WARN_UNDECLARED_SELECTOR = YES;
				GCC_WARN_UNINITIALIZED_AUTOS = YES_AGGRESSIVE;
				GCC_WARN_UNUSED_FUNCTION = YES;
				GCC_WARN_UNUSED_VARIABLE = YES;
				IPHONEOS_DEPLOYMENT_TARGET = 10.3;
				MTL_ENABLE_DEBUG_INFO = NO;
				SDKROOT = iphoneos;
				SWIFT_OPTIMIZATION_LEVEL = "-Owholemodule";
				VALIDATE_PRODUCT = YES;
			};
			name = Release;
		};
		1F83A3191F0A821C00829CF7 /* Debug */ = {
			isa = XCBuildConfiguration;
			buildSettings = {
				ASSETCATALOG_COMPILER_APPICON_NAME = AppIcon;
				DEVELOPMENT_TEAM = 662KJDHEKU;
				INFOPLIST_FILE = PikaCamera/Info.plist;
				LD_RUNPATH_SEARCH_PATHS = "$(inherited) @executable_path/Frameworks";
				PRODUCT_BUNDLE_IDENTIFIER = com.joinpika.PikaCamera;
				PRODUCT_NAME = "$(TARGET_NAME)";
				SWIFT_VERSION = 4.0;
				TARGETED_DEVICE_FAMILY = 1;
			};
			name = Debug;
		};
		1F83A31A1F0A821C00829CF7 /* Release */ = {
			isa = XCBuildConfiguration;
			buildSettings = {
				ASSETCATALOG_COMPILER_APPICON_NAME = AppIcon;
				DEVELOPMENT_TEAM = 662KJDHEKU;
				INFOPLIST_FILE = PikaCamera/Info.plist;
				LD_RUNPATH_SEARCH_PATHS = "$(inherited) @executable_path/Frameworks";
				PRODUCT_BUNDLE_IDENTIFIER = com.joinpika.PikaCamera;
				PRODUCT_NAME = "$(TARGET_NAME)";
				SWIFT_VERSION = 4.0;
				TARGETED_DEVICE_FAMILY = 1;
			};
			name = Release;
		};
		1F83A31C1F0A821C00829CF7 /* Debug */ = {
			isa = XCBuildConfiguration;
			buildSettings = {
				ALWAYS_EMBED_SWIFT_STANDARD_LIBRARIES = YES;
				BUNDLE_LOADER = "$(TEST_HOST)";
				INFOPLIST_FILE = PikaCameraTests/Info.plist;
				LD_RUNPATH_SEARCH_PATHS = "$(inherited) @executable_path/Frameworks @loader_path/Frameworks";
				PRODUCT_BUNDLE_IDENTIFIER = com.joinpika.PikaCameraTests;
				PRODUCT_NAME = "$(TARGET_NAME)";
				SWIFT_VERSION = 4.0;
				TARGETED_DEVICE_FAMILY = "1,2";
				TEST_HOST = "$(BUILT_PRODUCTS_DIR)/PikaCamera.app/PikaCamera";
			};
			name = Debug;
		};
		1F83A31D1F0A821C00829CF7 /* Release */ = {
			isa = XCBuildConfiguration;
			buildSettings = {
				ALWAYS_EMBED_SWIFT_STANDARD_LIBRARIES = YES;
				BUNDLE_LOADER = "$(TEST_HOST)";
				INFOPLIST_FILE = PikaCameraTests/Info.plist;
				LD_RUNPATH_SEARCH_PATHS = "$(inherited) @executable_path/Frameworks @loader_path/Frameworks";
				PRODUCT_BUNDLE_IDENTIFIER = com.joinpika.PikaCameraTests;
				PRODUCT_NAME = "$(TARGET_NAME)";
				SWIFT_VERSION = 4.0;
				TARGETED_DEVICE_FAMILY = "1,2";
				TEST_HOST = "$(BUILT_PRODUCTS_DIR)/PikaCamera.app/PikaCamera";
			};
			name = Release;
		};
/* End XCBuildConfiguration section */

/* Begin XCConfigurationList section */
		1F83A2F61F0A821C00829CF7 /* Build configuration list for PBXProject "PikaCamera" */ = {
			isa = XCConfigurationList;
			buildConfigurations = (
				1F83A3161F0A821C00829CF7 /* Debug */,
				1F83A3171F0A821C00829CF7 /* Release */,
			);
			defaultConfigurationIsVisible = 0;
			defaultConfigurationName = Release;
		};
		1F83A3181F0A821C00829CF7 /* Build configuration list for PBXNativeTarget "PikaCamera" */ = {
			isa = XCConfigurationList;
			buildConfigurations = (
				1F83A3191F0A821C00829CF7 /* Debug */,
				1F83A31A1F0A821C00829CF7 /* Release */,
			);
			defaultConfigurationIsVisible = 0;
			defaultConfigurationName = Release;
		};
		1F83A31B1F0A821C00829CF7 /* Build configuration list for PBXNativeTarget "PikaCameraTests" */ = {
			isa = XCConfigurationList;
			buildConfigurations = (
				1F83A31C1F0A821C00829CF7 /* Debug */,
				1F83A31D1F0A821C00829CF7 /* Release */,
			);
			defaultConfigurationIsVisible = 0;
			defaultConfigurationName = Release;
		};
/* End XCConfigurationList section */
	};
	rootObject = 1F83A2F31F0A821C00829CF7 /* Project object */;
}
